
Microsoft Visual Studio Solution File, Format Version 12.00
# Visual Studio Version 17
VisualStudioVersion = 17.13.35825.156 d17.13
MinimumVisualStudioVersion = 10.0.40219.1
Project("{FAE04EC0-301F-11D3-BF4B-00C04F79EFBC}") = "TaskManager", "TaskManager\TaskManager.csproj", "{798ECFF1-53B1-42AA-9160-C21A0DF5D4BA}"
EndProject
Global
	GlobalSection(SolutionConfigurationPlatforms) = preSolution
		Debug|Any CPU = Debug|Any CPU
		Release|Any CPU = Release|Any CPU
	EndGlobalSection
	GlobalSection(ProjectConfigurationPlatforms) = postSolution
		{798ECFF1-53B1-42AA-9160-C21A0DF5D4BA}.Debug|Any CPU.ActiveCfg = Debug|Any CPU
		{798ECFF1-53B1-42AA-9160-C21A0DF5D4BA}.Debug|Any CPU.Build.0 = Debug|Any CPU
		{798ECFF1-53B1-42AA-9160-C21A0DF5D4BA}.Release|Any CPU.ActiveCfg = Release|Any CPU
		{798ECFF1-53B1-42AA-9160-C21A0DF5D4BA}.Release|Any CPU.Build.0 = Release|Any CPU
	EndGlobalSection
	GlobalSection(SolutionProperties) = preSolution
		HideSolutionNode = FALSE
	EndGlobalSection
	GlobalSection(ExtensibilityGlobals) = postSolution
		SolutionGuid = {FF8DEA34-0822-4FAD-81CE-3EC74AF5ED10}
	EndGlobalSection
EndGlobal
